
Microsoft Visual Studio Solution File, Format Version 12.00
# Visual Studio Version 16
VisualStudioVersion = 16.0.30804.86
MinimumVisualStudioVersion = 10.0.40219.1
Project("{FAE04EC0-301F-11D3-BF4B-00C04F79EFBC}") = "Book_Library_NETCore_st_proj", "Book_Library_NETCore_st_proj.csproj", "{3AACB3A1-4BC5-4C37-9180-22887CD5E02E}"
EndProject
Global
	GlobalSection(SolutionConfigurationPlatforms) = preSolution
		Debug|Any CPU = Debug|Any CPU
		Release|Any CPU = Release|Any CPU
	EndGlobalSection
	GlobalSection(ProjectConfigurationPlatforms) = postSolution
		{3AACB3A1-4BC5-4C37-9180-22887CD5E02E}.Debug|Any CPU.ActiveCfg = Debug|Any CPU
		{3AACB3A1-4BC5-4C37-9180-22887CD5E02E}.Debug|Any CPU.Build.0 = Debug|Any CPU
		{3AACB3A1-4BC5-4C37-9180-22887CD5E02E}.Release|Any CPU.ActiveCfg = Release|Any CPU
		{3AACB3A1-4BC5-4C37-9180-22887CD5E02E}.Release|Any CPU.Build.0 = Release|Any CPU
	EndGlobalSection
	GlobalSection(SolutionProperties) = preSolution
		HideSolutionNode = FALSE
	EndGlobalSection
	GlobalSection(ExtensibilityGlobals) = postSolution
		SolutionGuid = {0BEF9DB1-09C5-40A2-949F-3D3DFC879782}
	EndGlobalSection
EndGlobal
